
Microsoft Visual Studio Solution File, Format Version 12.00
Project("{FAE04EC0-301F-11D3-BF4B-00C04F79EFBC}") = "StopIndexSmoke", "StopIndexSmoke\StopIndexSmoke.csproj", "{1DE72A50-1E5B-412F-821F-A020BCB681D2}"
EndProject
Project("{2150E333-8FDC-42A3-9474-1A3956D46DE8}") = "XAML", "XAML", "{669C7B6A-BDB2-4466-9EB8-73CE4B734C8B}"
EndProject
Project("{FAE04EC0-301F-11D3-BF4B-00C04F79EFBC}") = "BlazorProject", "BlazorProject\BlazorProject.csproj", "{90B0B640-2E67-439C-99F6-495D8F522DA0}"
EndProject
Project("{FAE04EC0-301F-11D3-BF4B-00C04F79EFBC}") = "SearchEverywhereTesting", "SearchEverywhereTesting\SearchEverywhereTesting.csproj", "{E4AABD79-5E84-4DC8-8290-D1EEB0753660}"
EndProject
Project("{F2A71F9B-5D33-465A-A702-920D77279786}") = "ConsoleAppFSharp", "ConsoleAppFSharp\ConsoleAppFSharp.fsproj", "{B762C31D-81D9-42BC-8F93-711E0B7447A2}"
EndProject
Project("{FAE04EC0-301F-11D3-BF4B-00C04F79EFBC}") = "AngularWebProject", "AngularWebProject\AngularWebProject.csproj", "{9DE99545-8DB2-4201-9309-86D421231035}"
EndProject
Project("{FAE04EC0-301F-11D3-BF4B-00C04F79EFBC}") = "SearchEverywhereTestingInNUnitTestProj", "SearchEverywhereTestingInNUnitTestProj\SearchEverywhereTestingInNUnitTestProj.csproj", "{4E6EDC97-C1B3-4CB6-89BA-59DB49AC9116}"
EndProject
Project("{FAE04EC0-301F-11D3-BF4B-00C04F79EFBC}") = "XAMLFilesSmokeClassic", "XAMLFilesSmokeClassic\XAMLFilesSmokeClassic.csproj", "{2550A437-7331-476B-BB13-E021D7E009AB}"
EndProject
Project("{F184B08F-C81C-45F6-A57F-5ABD9991F28F}") = "ConsoleAppVB", "ConsoleAppVB\ConsoleAppVB.vbproj", "{0DE0F808-3F51-4098-A88C-1E7F5E556F63}"
EndProject
Project("{2150E333-8FDC-42A3-9474-1A3956D46DE8}") = "Solution Items", "Solution Items", "{27F4BEBE-2FDC-4588-B3D8-DA0043FED843}"
ProjectSection(SolutionItems) = preProject
	README.md = README.md
	global.json = global.json
EndProjectSection
EndProject
Project("{FAE04EC0-301F-11D3-BF4B-00C04F79EFBC}") = "MainActionsSmoke", "MainActionsSmoke\MainActionsSmoke.csproj", "{82314738-E845-40E1-9EDF-0C01FE990707}"
EndProject
Project("{2150E333-8FDC-42A3-9474-1A3956D46DE8}") = "Explorer", "Explorer", "{BAF6E5CF-54D4-424C-867E-D02A6E18EF77}"
EndProject
Project("{2150E333-8FDC-42A3-9474-1A3956D46DE8}") = "Navigation", "Navigation", "{1F183CAA-07DA-41D5-BFF1-785A7F91DDB9}"
EndProject
Project("{2150E333-8FDC-42A3-9474-1A3956D46DE8}") = "Web", "Web", "{264B3E5B-0402-402B-A932-07132CAC57CB}"
EndProject
Project("{FAE04EC0-301F-11D3-BF4B-00C04F79EFBC}") = "XAMLFilesSmokeCore", "XAMLFilesSmokeCore\XAMLFilesSmokeCore.csproj", "{7825F687-D077-4B72-B6EC-132FB6EF54ED}"
EndProject
Project("{D954291E-2A0B-460D-934E-DC6B0785DB48}") = "SharedProject", "SharedProject\SharedProject.shproj", "{48B40C15-ED8A-4946-945B-AAD53349BD3A}"
EndProject
Project("{D954291E-2A0B-460D-934E-DC6B0785DB48}") = "SharedProject1", "SharedProject1\SharedProject1.shproj", "{BD7FBA25-C570-4D24-88EC-0896EE705DD1}"
EndProject
Global
	GlobalSection(SolutionConfigurationPlatforms) = preSolution
		Debug|Any CPU = Debug|Any CPU
		Release|Any CPU = Release|Any CPU
	EndGlobalSection
	GlobalSection(ProjectConfigurationPlatforms) = postSolution
		{1DE72A50-1E5B-412F-821F-A020BCB681D2}.Debug|Any CPU.ActiveCfg = Debug|Any CPU
		{1DE72A50-1E5B-412F-821F-A020BCB681D2}.Debug|Any CPU.Build.0 = Debug|Any CPU
		{1DE72A50-1E5B-412F-821F-A020BCB681D2}.Release|Any CPU.ActiveCfg = Release|Any CPU
		{1DE72A50-1E5B-412F-821F-A020BCB681D2}.Release|Any CPU.Build.0 = Release|Any CPU
		{90B0B640-2E67-439C-99F6-495D8F522DA0}.Debug|Any CPU.ActiveCfg = Debug|Any CPU
		{90B0B640-2E67-439C-99F6-495D8F522DA0}.Debug|Any CPU.Build.0 = Debug|Any CPU
		{90B0B640-2E67-439C-99F6-495D8F522DA0}.Release|Any CPU.ActiveCfg = Release|Any CPU
		{90B0B640-2E67-439C-99F6-495D8F522DA0}.Release|Any CPU.Build.0 = Release|Any CPU
		{E4AABD79-5E84-4DC8-8290-D1EEB0753660}.Debug|Any CPU.ActiveCfg = Debug|Any CPU
		{E4AABD79-5E84-4DC8-8290-D1EEB0753660}.Debug|Any CPU.Build.0 = Debug|Any CPU
		{E4AABD79-5E84-4DC8-8290-D1EEB0753660}.Release|Any CPU.ActiveCfg = Release|Any CPU
		{E4AABD79-5E84-4DC8-8290-D1EEB0753660}.Release|Any CPU.Build.0 = Release|Any CPU
		{B762C31D-81D9-42BC-8F93-711E0B7447A2}.Debug|Any CPU.ActiveCfg = Debug|Any CPU
		{B762C31D-81D9-42BC-8F93-711E0B7447A2}.Debug|Any CPU.Build.0 = Debug|Any CPU
		{B762C31D-81D9-42BC-8F93-711E0B7447A2}.Release|Any CPU.ActiveCfg = Release|Any CPU
		{B762C31D-81D9-42BC-8F93-711E0B7447A2}.Release|Any CPU.Build.0 = Release|Any CPU
		{9DE99545-8DB2-4201-9309-86D421231035}.Debug|Any CPU.ActiveCfg = Debug|Any CPU
		{9DE99545-8DB2-4201-9309-86D421231035}.Debug|Any CPU.Build.0 = Debug|Any CPU
		{9DE99545-8DB2-4201-9309-86D421231035}.Release|Any CPU.ActiveCfg = Release|Any CPU
		{9DE99545-8DB2-4201-9309-86D421231035}.Release|Any CPU.Build.0 = Release|Any CPU
		{4E6EDC97-C1B3-4CB6-89BA-59DB49AC9116}.Debug|Any CPU.ActiveCfg = Debug|Any CPU
		{4E6EDC97-C1B3-4CB6-89BA-59DB49AC9116}.Debug|Any CPU.Build.0 = Debug|Any CPU
		{4E6EDC97-C1B3-4CB6-89BA-59DB49AC9116}.Release|Any CPU.ActiveCfg = Release|Any CPU
		{4E6EDC97-C1B3-4CB6-89BA-59DB49AC9116}.Release|Any CPU.Build.0 = Release|Any CPU
		{2550A437-7331-476B-BB13-E021D7E009AB}.Debug|Any CPU.ActiveCfg = Debug|Any CPU
		{2550A437-7331-476B-BB13-E021D7E009AB}.Debug|Any CPU.Build.0 = Debug|Any CPU
		{2550A437-7331-476B-BB13-E021D7E009AB}.Release|Any CPU.ActiveCfg = Release|Any CPU
		{2550A437-7331-476B-BB13-E021D7E009AB}.Release|Any CPU.Build.0 = Release|Any CPU
		{0DE0F808-3F51-4098-A88C-1E7F5E556F63}.Debug|Any CPU.ActiveCfg = Debug|Any CPU
		{0DE0F808-3F51-4098-A88C-1E7F5E556F63}.Debug|Any CPU.Build.0 = Debug|Any CPU
		{0DE0F808-3F51-4098-A88C-1E7F5E556F63}.Release|Any CPU.ActiveCfg = Release|Any CPU
		{0DE0F808-3F51-4098-A88C-1E7F5E556F63}.Release|Any CPU.Build.0 = Release|Any CPU
		{82314738-E845-40E1-9EDF-0C01FE990707}.Debug|Any CPU.ActiveCfg = Debug|Any CPU
		{82314738-E845-40E1-9EDF-0C01FE990707}.Debug|Any CPU.Build.0 = Debug|Any CPU
		{82314738-E845-40E1-9EDF-0C01FE990707}.Release|Any CPU.ActiveCfg = Release|Any CPU
		{82314738-E845-40E1-9EDF-0C01FE990707}.Release|Any CPU.Build.0 = Release|Any CPU
		{7825F687-D077-4B72-B6EC-132FB6EF54ED}.Debug|Any CPU.ActiveCfg = Debug|Any CPU
		{7825F687-D077-4B72-B6EC-132FB6EF54ED}.Debug|Any CPU.Build.0 = Debug|Any CPU
		{7825F687-D077-4B72-B6EC-132FB6EF54ED}.Release|Any CPU.ActiveCfg = Release|Any CPU
		{7825F687-D077-4B72-B6EC-132FB6EF54ED}.Release|Any CPU.Build.0 = Release|Any CPU
	EndGlobalSection
	GlobalSection(NestedProjects) = preSolution
		{2550A437-7331-476B-BB13-E021D7E009AB} = {669C7B6A-BDB2-4466-9EB8-73CE4B734C8B}
		{9DE99545-8DB2-4201-9309-86D421231035} = {264B3E5B-0402-402B-A932-07132CAC57CB}
		{82314738-E845-40E1-9EDF-0C01FE990707} = {BAF6E5CF-54D4-424C-867E-D02A6E18EF77}
		{1DE72A50-1E5B-412F-821F-A020BCB681D2} = {BAF6E5CF-54D4-424C-867E-D02A6E18EF77}
		{E4AABD79-5E84-4DC8-8290-D1EEB0753660} = {1F183CAA-07DA-41D5-BFF1-785A7F91DDB9}
		{4E6EDC97-C1B3-4CB6-89BA-59DB49AC9116} = {1F183CAA-07DA-41D5-BFF1-785A7F91DDB9}
		{669C7B6A-BDB2-4466-9EB8-73CE4B734C8B} = {BAF6E5CF-54D4-424C-867E-D02A6E18EF77}
		{B762C31D-81D9-42BC-8F93-711E0B7447A2} = {BAF6E5CF-54D4-424C-867E-D02A6E18EF77}
		{0DE0F808-3F51-4098-A88C-1E7F5E556F63} = {BAF6E5CF-54D4-424C-867E-D02A6E18EF77}
		{7825F687-D077-4B72-B6EC-132FB6EF54ED} = {669C7B6A-BDB2-4466-9EB8-73CE4B734C8B}
		{48B40C15-ED8A-4946-945B-AAD53349BD3A} = {BAF6E5CF-54D4-424C-867E-D02A6E18EF77}
		{BD7FBA25-C570-4D24-88EC-0896EE705DD1} = {BAF6E5CF-54D4-424C-867E-D02A6E18EF77}
	EndGlobalSection
EndGlobal
